
Microsoft Visual Studio Solution File, Format Version 12.00
# Visual Studio Version 16
VisualStudioVersion = 16.0.30523.141
MinimumVisualStudioVersion = 10.0.40219.1
Project("{9A19103F-16F7-4668-BE54-9A1E7A4F7556}") = "move_creation_to_factory", "move_creation_to_factory\move_creation_to_factory.csproj", "{C610B542-3DC6-44CD-83E2-B1AB9201D421}"
EndProject
Project("{2150E333-8FDC-42A3-9474-1A3956D46DE8}") = "Solution Items", "Solution Items", "{BD04B449-E191-4FD3-BAC0-E63E4E8CE505}"
	ProjectSection(SolutionItems) = preProject
		.editorconfig = .editorconfig
	EndProjectSection
EndProject
Project("{FAE04EC0-301F-11D3-BF4B-00C04F79EFBC}") = "encapsulate_classes_with_factory", "encapsulate_classes_with_factory\encapsulate_classes_with_factory.csproj", "{3C90017D-9A2B-401C-BD9D-787EF97078A2}"
EndProject
Project("{FAE04EC0-301F-11D3-BF4B-00C04F79EFBC}") = "polymorphic_creation_with_factory", "polymorphic_creation_with_factory\polymorphic_creation_with_factory.csproj", "{DFB1464B-DA97-4DEB-9BB6-D01440BC50F8}"
EndProject
Project("{FAE04EC0-301F-11D3-BF4B-00C04F79EFBC}") = "inline_singleton", "inline_singleton\inline_singleton.csproj", "{3B1A2B7B-A215-41F2-B4DD-4AEB812DB92D}"
EndProject
Project("{FAE04EC0-301F-11D3-BF4B-00C04F79EFBC}") = "replace_conditional_with_strategy", "replace_conditional_with_strategy\replace_conditional_with_strategy.csproj", "{5F5EDBCF-F367-4A85-9F83-335485C97913}"
EndProject
Global
	GlobalSection(SolutionConfigurationPlatforms) = preSolution
		Debug|Any CPU = Debug|Any CPU
		Release|Any CPU = Release|Any CPU
	EndGlobalSection
	GlobalSection(ProjectConfigurationPlatforms) = postSolution
		{C610B542-3DC6-44CD-83E2-B1AB9201D421}.Debug|Any CPU.ActiveCfg = Debug|Any CPU
		{C610B542-3DC6-44CD-83E2-B1AB9201D421}.Debug|Any CPU.Build.0 = Debug|Any CPU
		{C610B542-3DC6-44CD-83E2-B1AB9201D421}.Release|Any CPU.ActiveCfg = Release|Any CPU
		{C610B542-3DC6-44CD-83E2-B1AB9201D421}.Release|Any CPU.Build.0 = Release|Any CPU
		{3C90017D-9A2B-401C-BD9D-787EF97078A2}.Debug|Any CPU.ActiveCfg = Debug|Any CPU
		{3C90017D-9A2B-401C-BD9D-787EF97078A2}.Debug|Any CPU.Build.0 = Debug|Any CPU
		{3C90017D-9A2B-401C-BD9D-787EF97078A2}.Release|Any CPU.ActiveCfg = Release|Any CPU
		{3C90017D-9A2B-401C-BD9D-787EF97078A2}.Release|Any CPU.Build.0 = Release|Any CPU
		{DFB1464B-DA97-4DEB-9BB6-D01440BC50F8}.Debug|Any CPU.ActiveCfg = Debug|Any CPU
		{DFB1464B-DA97-4DEB-9BB6-D01440BC50F8}.Debug|Any CPU.Build.0 = Debug|Any CPU
		{DFB1464B-DA97-4DEB-9BB6-D01440BC50F8}.Release|Any CPU.ActiveCfg = Release|Any CPU
		{DFB1464B-DA97-4DEB-9BB6-D01440BC50F8}.Release|Any CPU.Build.0 = Release|Any CPU
		{3B1A2B7B-A215-41F2-B4DD-4AEB812DB92D}.Debug|Any CPU.ActiveCfg = Debug|Any CPU
		{3B1A2B7B-A215-41F2-B4DD-4AEB812DB92D}.Debug|Any CPU.Build.0 = Debug|Any CPU
		{3B1A2B7B-A215-41F2-B4DD-4AEB812DB92D}.Release|Any CPU.ActiveCfg = Release|Any CPU
		{3B1A2B7B-A215-41F2-B4DD-4AEB812DB92D}.Release|Any CPU.Build.0 = Release|Any CPU
		{5F5EDBCF-F367-4A85-9F83-335485C97913}.Debug|Any CPU.ActiveCfg = Debug|Any CPU
		{5F5EDBCF-F367-4A85-9F83-335485C97913}.Debug|Any CPU.Build.0 = Debug|Any CPU
		{5F5EDBCF-F367-4A85-9F83-335485C97913}.Release|Any CPU.ActiveCfg = Release|Any CPU
		{5F5EDBCF-F367-4A85-9F83-335485C97913}.Release|Any CPU.Build.0 = Release|Any CPU
	EndGlobalSection
	GlobalSection(SolutionProperties) = preSolution
		HideSolutionNode = FALSE
	EndGlobalSection
	GlobalSection(ExtensibilityGlobals) = postSolution
		SolutionGuid = {4AB6599B-5D50-4578-909B-C876D55BC42E}
	EndGlobalSection
EndGlobal
